// !$*UTF8*$!
{
	archiveVersion = 1;
	classes = {
	};
	objectVersion = 56;
	objects = {

/* Begin PBXBuildFile section */
		B605259229013DDA00395D95 /* main.cpp in Sources */ = {isa = PBXBuildFile; fileRef = B605259129013DDA00395D95 /* main.cpp */; };
		B60525A429013E2700395D95 /* x3encoder.cpp in Sources */ = {isa = PBXBuildFile; fileRef = B605259829013E2700395D95 /* x3encoder.cpp */; };
		B60525A529013E2700395D95 /* bpack.c in Sources */ = {isa = PBXBuildFile; fileRef = B605259929013E2700395D95 /* bpack.c */; };
		B60525A629013E2700395D95 /* x3frame.c in Sources */ = {isa = PBXBuildFile; fileRef = B605259F29013E2700395D95 /* x3frame.c */; };
		B60525A729013E2700395D95 /* x3cmp.c in Sources */ = {isa = PBXBuildFile; fileRef = B60525A029013E2700395D95 /* x3cmp.c */; };
		B60525A829013E2700395D95 /* xml_if.c in Sources */ = {isa = PBXBuildFile; fileRef = B60525A129013E2700395D95 /* xml_if.c */; };
		B60525A929013E2700395D95 /* crc16v3.c in Sources */ = {isa = PBXBuildFile; fileRef = B60525A329013E2700395D95 /* crc16v3.c */; };
/* End PBXBuildFile section */

/* Begin PBXCopyFilesBuildPhase section */
		B605258C29013DDA00395D95 /* CopyFiles */ = {
			isa = PBXCopyFilesBuildPhase;
			buildActionMask = 2147483647;
			dstPath = /usr/share/man/man1/;
			dstSubfolderSpec = 0;
			files = (
			);
			runOnlyForDeploymentPostprocessing = 1;
		};
/* End PBXCopyFilesBuildPhase section */

/* Begin PBXFileReference section */
		B605258E29013DDA00395D95 /* X3 */ = {isa = PBXFileReference; explicitFileType = "compiled.mach-o.executable"; includeInIndex = 0; path = X3; sourceTree = BUILT_PRODUCTS_DIR; };
		B605259129013DDA00395D95 /* main.cpp */ = {isa = PBXFileReference; lastKnownFileType = sourcecode.cpp.cpp; path = main.cpp; sourceTree = "<group>"; };
		B605259829013E2700395D95 /* x3encoder.cpp */ = {isa = PBXFileReference; fileEncoding = 4; lastKnownFileType = sourcecode.cpp.cpp; path = x3encoder.cpp; sourceTree = "<group>"; };
		B605259929013E2700395D95 /* bpack.c */ = {isa = PBXFileReference; fileEncoding = 4; lastKnownFileType = sourcecode.c.c; path = bpack.c; sourceTree = "<group>"; };
		B605259A29013E2700395D95 /* crc16v3.h */ = {isa = PBXFileReference; fileEncoding = 4; lastKnownFileType = sourcecode.c.h; path = crc16v3.h; sourceTree = "<group>"; };
		B605259B29013E2700395D95 /* x3encoder.h */ = {isa = PBXFileReference; fileEncoding = 4; lastKnownFileType = sourcecode.c.h; path = x3encoder.h; sourceTree = "<group>"; };
		B605259C29013E2700395D95 /* x3cmp.h */ = {isa = PBXFileReference; fileEncoding = 4; lastKnownFileType = sourcecode.c.h; path = x3cmp.h; sourceTree = "<group>"; };
		B605259D29013E2700395D95 /* bpack.h */ = {isa = PBXFileReference; fileEncoding = 4; lastKnownFileType = sourcecode.c.h; path = bpack.h; sourceTree = "<group>"; };
		B605259E29013E2700395D95 /* x3frame.h */ = {isa = PBXFileReference; fileEncoding = 4; lastKnownFileType = sourcecode.c.h; path = x3frame.h; sourceTree = "<group>"; };
		B605259F29013E2700395D95 /* x3frame.c */ = {isa = PBXFileReference; fileEncoding = 4; lastKnownFileType = sourcecode.c.c; path = x3frame.c; sourceTree = "<group>"; };
		B60525A029013E2700395D95 /* x3cmp.c */ = {isa = PBXFileReference; fileEncoding = 4; lastKnownFileType = sourcecode.c.c; path = x3cmp.c; sourceTree = "<group>"; };
		B60525A129013E2700395D95 /* xml_if.c */ = {isa = PBXFileReference; fileEncoding = 4; lastKnownFileType = sourcecode.c.c; path = xml_if.c; sourceTree = "<group>"; };
		B60525A229013E2700395D95 /* xml_if.h */ = {isa = PBXFileReference; fileEncoding = 4; lastKnownFileType = sourcecode.c.h; path = xml_if.h; sourceTree = "<group>"; };
		B60525A329013E2700395D95 /* crc16v3.c */ = {isa = PBXFileReference; fileEncoding = 4; lastKnownFileType = sourcecode.c.c; path = crc16v3.c; sourceTree = "<group>"; };
		B6954FBB290583AA00BC260C /* testWav.txt */ = {isa = PBXFileReference; lastKnownFileType = text; path = testWav.txt; sourceTree = "<group>"; };
/* End PBXFileReference section */

/* Begin PBXFrameworksBuildPhase section */
		B605258B29013DDA00395D95 /* Frameworks */ = {
			isa = PBXFrameworksBuildPhase;
			buildActionMask = 2147483647;
			files = (
			);
			runOnlyForDeploymentPostprocessing = 0;
		};
/* End PBXFrameworksBuildPhase section */

/* Begin PBXGroup section */
		B605258529013DDA00395D95 = {
			isa = PBXGroup;
			children = (
				B605259029013DDA00395D95 /* X3 */,
				B605258F29013DDA00395D95 /* Products */,
			);
			sourceTree = "<group>";
		};
		B605258F29013DDA00395D95 /* Products */ = {
			isa = PBXGroup;
			children = (
				B605258E29013DDA00395D95 /* X3 */,
			);
			name = Products;
			sourceTree = "<group>";
		};
		B605259029013DDA00395D95 /* X3 */ = {
			isa = PBXGroup;
			children = (
				B605259129013DDA00395D95 /* main.cpp */,
				B605259929013E2700395D95 /* bpack.c */,
				B605259D29013E2700395D95 /* bpack.h */,
				B60525A329013E2700395D95 /* crc16v3.c */,
				B605259A29013E2700395D95 /* crc16v3.h */,
				B60525A029013E2700395D95 /* x3cmp.c */,
				B605259C29013E2700395D95 /* x3cmp.h */,
				B605259829013E2700395D95 /* x3encoder.cpp */,
				B605259B29013E2700395D95 /* x3encoder.h */,
				B605259F29013E2700395D95 /* x3frame.c */,
				B605259E29013E2700395D95 /* x3frame.h */,
				B60525A129013E2700395D95 /* xml_if.c */,
				B60525A229013E2700395D95 /* xml_if.h */,
				B6954FBB290583AA00BC260C /* testWav.txt */,
			);
			path = X3;
			sourceTree = "<group>";
		};
/* End PBXGroup section */

/* Begin PBXNativeTarget section */
		B605258D29013DDA00395D95 /* X3 */ = {
			isa = PBXNativeTarget;
			buildConfigurationList = B605259529013DDA00395D95 /* Build configuration list for PBXNativeTarget "X3" */;
			buildPhases = (
				B605258A29013DDA00395D95 /* Sources */,
				B605258B29013DDA00395D95 /* Frameworks */,
				B605258C29013DDA00395D95 /* CopyFiles */,
			);
			buildRules = (
			);
			dependencies = (
			);
			name = X3;
			productName = X3;
			productReference = B605258E29013DDA00395D95 /* X3 */;
			productType = "com.apple.product-type.tool";
		};
/* End PBXNativeTarget section */

/* Begin PBXProject section */
		B605258629013DDA00395D95 /* Project object */ = {
			isa = PBXProject;
			attributes = {
				BuildIndependentTargetsInParallel = 1;
				LastUpgradeCheck = 1400;
				TargetAttributes = {
					B605258D29013DDA00395D95 = {
						CreatedOnToolsVersion = 14.0.1;
					};
				};
			};
			buildConfigurationList = B605258929013DDA00395D95 /* Build configuration list for PBXProject "X3" */;
			compatibilityVersion = "Xcode 14.0";
			developmentRegion = en;
			hasScannedForEncodings = 0;
			knownRegions = (
				en,
				Base,
			);
			mainGroup = B605258529013DDA00395D95;
			productRefGroup = B605258F29013DDA00395D95 /* Products */;
			projectDirPath = "";
			projectRoot = "";
			targets = (
				B605258D29013DDA00395D95 /* X3 */,
			);
		};
/* End PBXProject section */

/* Begin PBXSourcesBuildPhase section */
		B605258A29013DDA00395D95 /* Sources */ = {
			isa = PBXSourcesBuildPhase;
			buildActionMask = 2147483647;
			files = (
				B60525A629013E2700395D95 /* x3frame.c in Sources */,
				B60525A529013E2700395D95 /* bpack.c in Sources */,
				B60525A929013E2700395D95 /* crc16v3.c in Sources */,
				B60525A829013E2700395D95 /* xml_if.c in Sources */,
				B605259229013DDA00395D95 /* main.cpp in Sources */,
				B60525A729013E2700395D95 /* x3cmp.c in Sources */,
				B60525A429013E2700395D95 /* x3encoder.cpp in Sources */,
			);
			runOnlyForDeploymentPostprocessing = 0;
		};
/* End PBXSourcesBuildPhase section */

/* Begin XCBuildConfiguration section */
		B605259329013DDA00395D95 /* Debug */ = {
			isa = XCBuildConfiguration;
			buildSettings = {
				ALWAYS_SEARCH_USER_PATHS = NO;
				CLANG_ANALYZER_NONNULL = YES;
				CLANG_ANALYZER_NUMBER_OBJECT_CONVERSION = YES_AGGRESSIVE;
				CLANG_CXX_LANGUAGE_STANDARD = "gnu++20";
				CLANG_ENABLE_MODULES = YES;
				CLANG_ENABLE_OBJC_ARC = YES;
				CLANG_ENABLE_OBJC_WEAK = YES;
				CLANG_WARN_BLOCK_CAPTURE_AUTORELEASING = YES;
				CLANG_WARN_BOOL_CONVERSION = YES;
				CLANG_WARN_COMMA = YES;
				CLANG_WARN_CONSTANT_CONVERSION = YES;
				CLANG_WARN_DEPRECATED_OBJC_IMPLEMENTATIONS = YES;
				CLANG_WARN_DIRECT_OBJC_ISA_USAGE = YES_ERROR;
				CLANG_WARN_DOCUMENTATION_COMMENTS = YES;
				CLANG_WARN_EMPTY_BODY = YES;
				CLANG_WARN_ENUM_CONVERSION = YES;
				CLANG_WARN_INFINITE_RECURSION = YES;
				CLANG_WARN_INT_CONVERSION = YES;
				CLANG_WARN_NON_LITERAL_NULL_CONVERSION = YES;
				CLANG_WARN_OBJC_IMPLICIT_RETAIN_SELF = YES;
				CLANG_WARN_OBJC_LITERAL_CONVERSION = YES;
				CLANG_WARN_OBJC_ROOT_CLASS = YES_ERROR;
				CLANG_WARN_QUOTED_INCLUDE_IN_FRAMEWORK_HEADER = YES;
				CLANG_WARN_RANGE_LOOP_ANALYSIS = YES;
				CLANG_WARN_STRICT_PROTOTYPES = YES;
				CLANG_WARN_SUSPICIOUS_MOVE = YES;
				CLANG_WARN_UNGUARDED_AVAILABILITY = YES_AGGRESSIVE;
				CLANG_WARN_UNREACHABLE_CODE = YES;
				CLANG_WARN__DUPLICATE_METHOD_MATCH = YES;
				COPY_PHASE_STRIP = NO;
				DEBUG_INFORMATION_FORMAT = dwarf;
				ENABLE_STRICT_OBJC_MSGSEND = YES;
				ENABLE_TESTABILITY = YES;
				GCC_C_LANGUAGE_STANDARD = gnu11;
				GCC_DYNAMIC_NO_PIC = NO;
				GCC_NO_COMMON_BLOCKS = YES;
				GCC_OPTIMIZATION_LEVEL = 0;
				GCC_PREPROCESSOR_DEFINITIONS = (
					"DEBUG=1",
					"$(inherited)",
				);
				GCC_WARN_64_TO_32_BIT_CONVERSION = YES;
				GCC_WARN_ABOUT_RETURN_TYPE = YES_ERROR;
				GCC_WARN_UNDECLARED_SELECTOR = YES;
				GCC_WARN_UNINITIALIZED_AUTOS = YES_AGGRESSIVE;
				GCC_WARN_UNUSED_FUNCTION = YES;
				GCC_WARN_UNUSED_VARIABLE = YES;
				MACOSX_DEPLOYMENT_TARGET = 12.3;
				MTL_ENABLE_DEBUG_INFO = INCLUDE_SOURCE;
				MTL_FAST_MATH = YES;
				ONLY_ACTIVE_ARCH = YES;
				SDKROOT = macosx;
			};
			name = Debug;
		};
		B605259429013DDA00395D95 /* Release */ = {
			isa = XCBuildConfiguration;
			buildSettings = {
				ALWAYS_SEARCH_USER_PATHS = NO;
				CLANG_ANALYZER_NONNULL = YES;
				CLANG_ANALYZER_NUMBER_OBJECT_CONVERSION = YES_AGGRESSIVE;
				CLANG_CXX_LANGUAGE_STANDARD = "gnu++20";
				CLANG_ENABLE_MODULES = YES;
				CLANG_ENABLE_OBJC_ARC = YES;
				CLANG_ENABLE_OBJC_WEAK = YES;
				CLANG_WARN_BLOCK_CAPTURE_AUTORELEASING = YES;
				CLANG_WARN_BOOL_CONVERSION = YES;
				CLANG_WARN_COMMA = YES;
				CLANG_WARN_CONSTANT_CONVERSION = YES;
				CLANG_WARN_DEPRECATED_OBJC_IMPLEMENTATIONS = YES;
				CLANG_WARN_DIRECT_OBJC_ISA_USAGE = YES_ERROR;
				CLANG_WARN_DOCUMENTATION_COMMENTS = YES;
				CLANG_WARN_EMPTY_BODY = YES;
				CLANG_WARN_ENUM_CONVERSION = YES;
				CLANG_WARN_INFINITE_RECURSION = YES;
				CLANG_WARN_INT_CONVERSION = YES;
				CLANG_WARN_NON_LITERAL_NULL_CONVERSION = YES;
				CLANG_WARN_OBJC_IMPLICIT_RETAIN_SELF = YES;
				CLANG_WARN_OBJC_LITERAL_CONVERSION = YES;
				CLANG_WARN_OBJC_ROOT_CLASS = YES_ERROR;
				CLANG_WARN_QUOTED_INCLUDE_IN_FRAMEWORK_HEADER = YES;
				CLANG_WARN_RANGE_LOOP_ANALYSIS = YES;
				CLANG_WARN_STRICT_PROTOTYPES = YES;
				CLANG_WARN_SUSPICIOUS_MOVE = YES;
				CLANG_WARN_UNGUARDED_AVAILABILITY = YES_AGGRESSIVE;
				CLANG_WARN_UNREACHABLE_CODE = YES;
				CLANG_WARN__DUPLICATE_METHOD_MATCH = YES;
				COPY_PHASE_STRIP = NO;
				DEBUG_INFORMATION_FORMAT = "dwarf-with-dsym";
				ENABLE_NS_ASSERTIONS = NO;
				ENABLE_STRICT_OBJC_MSGSEND = YES;
				GCC_C_LANGUAGE_STANDARD = gnu11;
				GCC_NO_COMMON_BLOCKS = YES;
				GCC_WARN_64_TO_32_BIT_CONVERSION = YES;
				GCC_WARN_ABOUT_RETURN_TYPE = YES_ERROR;
				GCC_WARN_UNDECLARED_SELECTOR = YES;
				GCC_WARN_UNINITIALIZED_AUTOS = YES_AGGRESSIVE;
				GCC_WARN_UNUSED_FUNCTION = YES;
				GCC_WARN_UNUSED_VARIABLE = YES;
				MACOSX_DEPLOYMENT_TARGET = 12.3;
				MTL_ENABLE_DEBUG_INFO = NO;
				MTL_FAST_MATH = YES;
				SDKROOT = macosx;
			};
			name = Release;
		};
		B605259629013DDA00395D95 /* Debug */ = {
			isa = XCBuildConfiguration;
			buildSettings = {
				CODE_SIGN_STYLE = Automatic;
				PRODUCT_NAME = "$(TARGET_NAME)";
			};
			name = Debug;
		};
		B605259729013DDA00395D95 /* Release */ = {
			isa = XCBuildConfiguration;
			buildSettings = {
				CODE_SIGN_STYLE = Automatic;
				PRODUCT_NAME = "$(TARGET_NAME)";
			};
			name = Release;
		};
/* End XCBuildConfiguration section */

/* Begin XCConfigurationList section */
		B605258929013DDA00395D95 /* Build configuration list for PBXProject "X3" */ = {
			isa = XCConfigurationList;
			buildConfigurations = (
				B605259329013DDA00395D95 /* Debug */,
				B605259429013DDA00395D95 /* Release */,
			);
			defaultConfigurationIsVisible = 0;
			defaultConfigurationName = Release;
		};
		B605259529013DDA00395D95 /* Build configuration list for PBXNativeTarget "X3" */ = {
			isa = XCConfigurationList;
			buildConfigurations = (
				B605259629013DDA00395D95 /* Debug */,
				B605259729013DDA00395D95 /* Release */,
			);
			defaultConfigurationIsVisible = 0;
			defaultConfigurationName = Release;
		};
/* End XCConfigurationList section */
	};
	rootObject = B605258629013DDA00395D95 /* Project object */;
}
